
Microsoft Visual Studio Solution File, Format Version 12.00
# Visual Studio Version 17
VisualStudioVersion = 17.11.35327.3
MinimumVisualStudioVersion = 10.0.40219.1
Project("{8BC9CEB8-8B4A-11D0-8D11-00A0C91BC942}") = "Supermarket Online Shopping", "Supermarket Online Shopping\Supermarket Online Shopping.vcxproj", "{BDEEC58B-4E6D-4703-8601-8E2CB805BE22}"
EndProject
Global
	GlobalSection(SolutionConfigurationPlatforms) = preSolution
		Debug|x64 = Debug|x64
		Debug|x86 = Debug|x86
		Release|x64 = Release|x64
		Release|x86 = Release|x86
	EndGlobalSection
	GlobalSection(ProjectConfigurationPlatforms) = postSolution
		{BDEEC58B-4E6D-4703-8601-8E2CB805BE22}.Debug|x64.ActiveCfg = Debug|x64
		{BDEEC58B-4E6D-4703-8601-8E2CB805BE22}.Debug|x64.Build.0 = Debug|x64
		{BDEEC58B-4E6D-4703-8601-8E2CB805BE22}.Debug|x86.ActiveCfg = Debug|Win32
		{BDEEC58B-4E6D-4703-8601-8E2CB805BE22}.Debug|x86.Build.0 = Debug|Win32
		{BDEEC58B-4E6D-4703-8601-8E2CB805BE22}.Release|x64.ActiveCfg = Release|x64
		{BDEEC58B-4E6D-4703-8601-8E2CB805BE22}.Release|x64.Build.0 = Release|x64
		{BDEEC58B-4E6D-4703-8601-8E2CB805BE22}.Release|x86.ActiveCfg = Release|Win32
		{BDEEC58B-4E6D-4703-8601-8E2CB805BE22}.Release|x86.Build.0 = Release|Win32
	EndGlobalSection
	GlobalSection(SolutionProperties) = preSolution
		HideSolutionNode = FALSE
	EndGlobalSection
	GlobalSection(ExtensibilityGlobals) = postSolution
		SolutionGuid = {EDEC9EE2-AABD-4AA8-B810-5009DA847343}
	EndGlobalSection
EndGlobal
